PODS:
  - Charts (3.4.0):
    - Charts/Core (= 3.4.0)
  - Charts/Core (3.4.0)

DEPENDENCIES:
  - Charts

SPEC REPOS:
  https://github.com/cocoapods/specs.git:
    - Charts

SPEC CHECKSUMS:
  Charts: 74c9f256eaf0460c0c416522d1cf8c634ea6b286

PODFILE CHECKSUM: de10476ca497104f9b640690dd587d34b47adcff

COCOAPODS: 1.7.5
