// !$*UTF8*$!
{
	archiveVersion = 1;
	classes = {
	};
	objectVersion = 50;
	objects = {

/* Begin PBXBuildFile section */
		223592ED2356101200DB3E11 /* NotificationCenter.framework in Frameworks */ = {isa = PBXBuildFile; fileRef = 223592EC2356101200DB3E11 /* NotificationCenter.framework */; };
		223592F72356101200DB3E11 /* KSAD Widget.appex in Embed App Extensions */ = {isa = PBXBuildFile; fileRef = 223592EA2356101200DB3E11 /* KSAD Widget.appex */; settings = {ATTRIBUTES = (RemoveHeadersOnCopy, ); }; };
		2249B12823555D2800A5E584 /* AppDelegate.swift in Sources */ = {isa = PBXBuildFile; fileRef = 2249B12723555D2800A5E584 /* AppDelegate.swift */; };
		2249B12A23555D2800A5E584 /* SceneDelegate.swift in Sources */ = {isa = PBXBuildFile; fileRef = 2249B12923555D2800A5E584 /* SceneDelegate.swift */; };
		2249B12C23555D2800A5E584 /* ViewController.swift in Sources */ = {isa = PBXBuildFile; fileRef = 2249B12B23555D2800A5E584 /* ViewController.swift */; };
		2249B12F23555D2800A5E584 /* Main.storyboard in Resources */ = {isa = PBXBuildFile; fileRef = 2249B12D23555D2800A5E584 /* Main.storyboard */; };
		2249B13223555D2800A5E584 /* JSON_to_Core_Data.xcdatamodeld in Sources */ = {isa = PBXBuildFile; fileRef = 2249B13023555D2800A5E584 /* JSON_to_Core_Data.xcdatamodeld */; };
		2249B13423555D2900A5E584 /* Assets.xcassets in Resources */ = {isa = PBXBuildFile; fileRef = 2249B13323555D2900A5E584 /* Assets.xcassets */; };
		2249B13723555D2900A5E584 /* LaunchScreen.storyboard in Resources */ = {isa = PBXBuildFile; fileRef = 2249B13523555D2900A5E584 /* LaunchScreen.storyboard */; };
		2249B14323555F7C00A5E584 /* NetworkingService.swift in Sources */ = {isa = PBXBuildFile; fileRef = 2249B14223555F7C00A5E584 /* NetworkingService.swift */; };
		2249B1452355622800A5E584 /* PersistenceService.swift in Sources */ = {isa = PBXBuildFile; fileRef = 2249B1442355622800A5E584 /* PersistenceService.swift */; };
		2249B148235564AA00A5E584 /* User+CoreDataClass.swift in Sources */ = {isa = PBXBuildFile; fileRef = 2249B146235564AA00A5E584 /* User+CoreDataClass.swift */; };
		2249B149235564AA00A5E584 /* User+CoreDataProperties.swift in Sources */ = {isa = PBXBuildFile; fileRef = 2249B147235564AA00A5E584 /* User+CoreDataProperties.swift */; };
/* End PBXBuildFile section */

/* Begin PBXContainerItemProxy section */
		223592F52356101200DB3E11 /* PBXContainerItemProxy */ = {
			isa = PBXContainerItemProxy;
			containerPortal = 2249B11C23555D2800A5E584 /* Project object */;
			proxyType = 1;
			remoteGlobalIDString = 223592E92356101200DB3E11;
			remoteInfo = "KSAD Widget";
		};
/* End PBXContainerItemProxy section */

/* Begin PBXCopyFilesBuildPhase section */
		223592F82356101200DB3E11 /* Embed App Extensions */ = {
			isa = PBXCopyFilesBuildPhase;
			buildActionMask = 2147483647;
			dstPath = "";
			dstSubfolderSpec = 13;
			files = (
				223592F72356101200DB3E11 /* KSAD Widget.appex in Embed App Extensions */,
			);
			name = "Embed App Extensions";
			runOnlyForDeploymentPostprocessing = 0;
		};
/* End PBXCopyFilesBuildPhase section */

/* Begin PBXFileReference section */
		223592EA2356101200DB3E11 /* KSAD Widget.appex */ = {isa = PBXFileReference; explicitFileType = "wrapper.app-extension"; includeInIndex = 0; path = "KSAD Widget.appex"; sourceTree = BUILT_PRODUCTS_DIR; };
		223592EC2356101200DB3E11 /* NotificationCenter.framework */ = {isa = PBXFileReference; lastKnownFileType = wrapper.framework; name = NotificationCenter.framework; path = System/Library/Frameworks/NotificationCenter.framework; sourceTree = SDKROOT; };
		2249B12423555D2800A5E584 /* JSON to Core Data.app */ = {isa = PBXFileReference; explicitFileType = wrapper.application; includeInIndex = 0; path = "JSON to Core Data.app"; sourceTree = BUILT_PRODUCTS_DIR; };
		2249B12723555D2800A5E584 /* AppDelegate.swift */ = {isa = PBXFileReference; lastKnownFileType = sourcecode.swift; path = AppDelegate.swift; sourceTree = "<group>"; };
		2249B12923555D2800A5E584 /* SceneDelegate.swift */ = {isa = PBXFileReference; lastKnownFileType = sourcecode.swift; path = SceneDelegate.swift; sourceTree = "<group>"; };
		2249B12B23555D2800A5E584 /* ViewController.swift */ = {isa = PBXFileReference; lastKnownFileType = sourcecode.swift; path = ViewController.swift; sourceTree = "<group>"; };
		2249B12E23555D2800A5E584 /* Base */ = {isa = PBXFileReference; lastKnownFileType = file.storyboard; name = Base; path = Base.lproj/Main.storyboard; sourceTree = "<group>"; };
		2249B13123555D2800A5E584 /* JSON_to_Core_Data.xcdatamodel */ = {isa = PBXFileReference; lastKnownFileType = wrapper.xcdatamodel; path = JSON_to_Core_Data.xcdatamodel; sourceTree = "<group>"; };
		2249B13323555D2900A5E584 /* Assets.xcassets */ = {isa = PBXFileReference; lastKnownFileType = folder.assetcatalog; path = Assets.xcassets; sourceTree = "<group>"; };
		2249B13623555D2900A5E584 /* Base */ = {isa = PBXFileReference; lastKnownFileType = file.storyboard; name = Base; path = Base.lproj/LaunchScreen.storyboard; sourceTree = "<group>"; };
		2249B13823555D2900A5E584 /* Info.plist */ = {isa = PBXFileReference; lastKnownFileType = text.plist.xml; path = Info.plist; sourceTree = "<group>"; };
		2249B14223555F7C00A5E584 /* NetworkingService.swift */ = {isa = PBXFileReference; lastKnownFileType = sourcecode.swift; path = NetworkingService.swift; sourceTree = "<group>"; };
		2249B1442355622800A5E584 /* PersistenceService.swift */ = {isa = PBXFileReference; lastKnownFileType = sourcecode.swift; path = PersistenceService.swift; sourceTree = "<group>"; };
		2249B146235564AA00A5E584 /* User+CoreDataClass.swift */ = {isa = PBXFileReference; lastKnownFileType = sourcecode.swift; path = "User+CoreDataClass.swift"; sourceTree = "<group>"; };
		2249B147235564AA00A5E584 /* User+CoreDataProperties.swift */ = {isa = PBXFileReference; lastKnownFileType = sourcecode.swift; path = "User+CoreDataProperties.swift"; sourceTree = "<group>"; };
/* End PBXFileReference section */

/* Begin PBXFrameworksBuildPhase section */
		223592E72356101200DB3E11 /* Frameworks */ = {
			isa = PBXFrameworksBuildPhase;
			buildActionMask = 2147483647;
			files = (
				223592ED2356101200DB3E11 /* NotificationCenter.framework in Frameworks */,
			);
			runOnlyForDeploymentPostprocessing = 0;
		};
		2249B12123555D2800A5E584 /* Frameworks */ = {
			isa = PBXFrameworksBuildPhase;
			buildActionMask = 2147483647;
			files = (
			);
			runOnlyForDeploymentPostprocessing = 0;
		};
/* End PBXFrameworksBuildPhase section */

/* Begin PBXGroup section */
		223592EB2356101200DB3E11 /* Frameworks */ = {
			isa = PBXGroup;
			children = (
				223592EC2356101200DB3E11 /* NotificationCenter.framework */,
			);
			name = Frameworks;
			sourceTree = "<group>";
		};
		2249B11B23555D2800A5E584 = {
			isa = PBXGroup;
			children = (
				2249B12623555D2800A5E584 /* JSON to Core Data */,
				223592EB2356101200DB3E11 /* Frameworks */,
				2249B12523555D2800A5E584 /* Products */,
			);
			sourceTree = "<group>";
		};
		2249B12523555D2800A5E584 /* Products */ = {
			isa = PBXGroup;
			children = (
				2249B12423555D2800A5E584 /* JSON to Core Data.app */,
				223592EA2356101200DB3E11 /* KSAD Widget.appex */,
			);
			name = Products;
			sourceTree = "<group>";
		};
		2249B12623555D2800A5E584 /* JSON to Core Data */ = {
			isa = PBXGroup;
			children = (
				2249B146235564AA00A5E584 /* User+CoreDataClass.swift */,
				2249B147235564AA00A5E584 /* User+CoreDataProperties.swift */,
				2249B12723555D2800A5E584 /* AppDelegate.swift */,
				2249B12923555D2800A5E584 /* SceneDelegate.swift */,
				2249B12B23555D2800A5E584 /* ViewController.swift */,
				2249B12D23555D2800A5E584 /* Main.storyboard */,
				2249B13323555D2900A5E584 /* Assets.xcassets */,
				2249B13523555D2900A5E584 /* LaunchScreen.storyboard */,
				2249B13823555D2900A5E584 /* Info.plist */,
				2249B13023555D2800A5E584 /* JSON_to_Core_Data.xcdatamodeld */,
				2249B14223555F7C00A5E584 /* NetworkingService.swift */,
				2249B1442355622800A5E584 /* PersistenceService.swift */,
			);
			path = "JSON to Core Data";
			sourceTree = "<group>";
		};
/* End PBXGroup section */

/* Begin PBXNativeTarget section */
		223592E92356101200DB3E11 /* KSAD Widget */ = {
			isa = PBXNativeTarget;
			buildConfigurationList = 223592FB2356101200DB3E11 /* Build configuration list for PBXNativeTarget "KSAD Widget" */;
			buildPhases = (
				223592E62356101200DB3E11 /* Sources */,
				223592E72356101200DB3E11 /* Frameworks */,
				223592E82356101200DB3E11 /* Resources */,
			);
			buildRules = (
			);
			dependencies = (
			);
			name = "KSAD Widget";
			productName = "KSAD Widget";
			productReference = 223592EA2356101200DB3E11 /* KSAD Widget.appex */;
			productType = "com.apple.product-type.app-extension";
		};
		2249B12323555D2800A5E584 /* JSON to Core Data */ = {
			isa = PBXNativeTarget;
			buildConfigurationList = 2249B13B23555D2900A5E584 /* Build configuration list for PBXNativeTarget "JSON to Core Data" */;
			buildPhases = (
				2249B12023555D2800A5E584 /* Sources */,
				2249B12123555D2800A5E584 /* Frameworks */,
				2249B12223555D2800A5E584 /* Resources */,
				223592F82356101200DB3E11 /* Embed App Extensions */,
			);
			buildRules = (
			);
			dependencies = (
				223592F62356101200DB3E11 /* PBXTargetDependency */,
			);
			name = "JSON to Core Data";
			productName = "JSON to Core Data";
			productReference = 2249B12423555D2800A5E584 /* JSON to Core Data.app */;
			productType = "com.apple.product-type.application";
		};
/* End PBXNativeTarget section */

/* Begin PBXProject section */
		2249B11C23555D2800A5E584 /* Project object */ = {
			isa = PBXProject;
			attributes = {
				LastSwiftUpdateCheck = 1110;
				LastUpgradeCheck = 1110;
				ORGANIZATIONNAME = KSAD;
				TargetAttributes = {
					223592E92356101200DB3E11 = {
						CreatedOnToolsVersion = 11.1;
					};
					2249B12323555D2800A5E584 = {
						CreatedOnToolsVersion = 11.1;
					};
				};
			};
			buildConfigurationList = 2249B11F23555D2800A5E584 /* Build configuration list for PBXProject "JSON to Core Data" */;
			compatibilityVersion = "Xcode 9.3";
			developmentRegion = en;
			hasScannedForEncodings = 0;
			knownRegions = (
				en,
				Base,
			);
			mainGroup = 2249B11B23555D2800A5E584;
			productRefGroup = 2249B12523555D2800A5E584 /* Products */;
			projectDirPath = "";
			projectRoot = "";
			targets = (
				2249B12323555D2800A5E584 /* JSON to Core Data */,
				223592E92356101200DB3E11 /* KSAD Widget */,
			);
		};
/* End PBXProject section */

/* Begin PBXResourcesBuildPhase section */
		223592E82356101200DB3E11 /* Resources */ = {
			isa = PBXResourcesBuildPhase;
			buildActionMask = 2147483647;
			files = (
			);
			runOnlyForDeploymentPostprocessing = 0;
		};
		2249B12223555D2800A5E584 /* Resources */ = {
			isa = PBXResourcesBuildPhase;
			buildActionMask = 2147483647;
			files = (
				2249B13723555D2900A5E584 /* LaunchScreen.storyboard in Resources */,
				2249B13423555D2900A5E584 /* Assets.xcassets in Resources */,
				2249B12F23555D2800A5E584 /* Main.storyboard in Resources */,
			);
			runOnlyForDeploymentPostprocessing = 0;
		};
/* End PBXResourcesBuildPhase section */

/* Begin PBXSourcesBuildPhase section */
		223592E62356101200DB3E11 /* Sources */ = {
			isa = PBXSourcesBuildPhase;
			buildActionMask = 2147483647;
			files = (
			);
			runOnlyForDeploymentPostprocessing = 0;
		};
		2249B12023555D2800A5E584 /* Sources */ = {
			isa = PBXSourcesBuildPhase;
			buildActionMask = 2147483647;
			files = (
				2249B14323555F7C00A5E584 /* NetworkingService.swift in Sources */,
				2249B1452355622800A5E584 /* PersistenceService.swift in Sources */,
				2249B149235564AA00A5E584 /* User+CoreDataProperties.swift in Sources */,
				2249B12C23555D2800A5E584 /* ViewController.swift in Sources */,
				2249B12823555D2800A5E584 /* AppDelegate.swift in Sources */,
				2249B12A23555D2800A5E584 /* SceneDelegate.swift in Sources */,
				2249B13223555D2800A5E584 /* JSON_to_Core_Data.xcdatamodeld in Sources */,
				2249B148235564AA00A5E584 /* User+CoreDataClass.swift in Sources */,
			);
			runOnlyForDeploymentPostprocessing = 0;
		};
/* End PBXSourcesBuildPhase section */

/* Begin PBXTargetDependency section */
		223592F62356101200DB3E11 /* PBXTargetDependency */ = {
			isa = PBXTargetDependency;
			target = 223592E92356101200DB3E11 /* KSAD Widget */;
			targetProxy = 223592F52356101200DB3E11 /* PBXContainerItemProxy */;
		};
/* End PBXTargetDependency section */

/* Begin PBXVariantGroup section */
		2249B12D23555D2800A5E584 /* Main.storyboard */ = {
			isa = PBXVariantGroup;
			children = (
				2249B12E23555D2800A5E584 /* Base */,
			);
			name = Main.storyboard;
			sourceTree = "<group>";
		};
		2249B13523555D2900A5E584 /* LaunchScreen.storyboard */ = {
			isa = PBXVariantGroup;
			children = (
				2249B13623555D2900A5E584 /* Base */,
			);
			name = LaunchScreen.storyboard;
			sourceTree = "<group>";
		};
/* End PBXVariantGroup section */

/* Begin XCBuildConfiguration section */
		223592F92356101200DB3E11 /* Debug */ = {
			isa = XCBuildConfiguration;
			buildSettings = {
				CODE_SIGN_STYLE = Automatic;
				DEVELOPMENT_TEAM = Q8J36QMFTT;
				INFOPLIST_FILE = "KSAD Widget/Info.plist";
				LD_RUNPATH_SEARCH_PATHS = (
					"$(inherited)",
					"@executable_path/Frameworks",
					"@executable_path/../../Frameworks",
				);
				PRODUCT_BUNDLE_IDENTIFIER = "com.ksad.JSON-to-Core-Data.KSAD-Widget";
				PRODUCT_NAME = "$(TARGET_NAME)";
				SKIP_INSTALL = YES;
				SWIFT_VERSION = 5.0;
				TARGETED_DEVICE_FAMILY = "1,2";
			};
			name = Debug;
		};
		223592FA2356101200DB3E11 /* Release */ = {
			isa = XCBuildConfiguration;
			buildSettings = {
				CODE_SIGN_STYLE = Automatic;
				DEVELOPMENT_TEAM = Q8J36QMFTT;
				INFOPLIST_FILE = "KSAD Widget/Info.plist";
				LD_RUNPATH_SEARCH_PATHS = (
					"$(inherited)",
					"@executable_path/Frameworks",
					"@executable_path/../../Frameworks",
				);
				PRODUCT_BUNDLE_IDENTIFIER = "com.ksad.JSON-to-Core-Data.KSAD-Widget";
				PRODUCT_NAME = "$(TARGET_NAME)";
				SKIP_INSTALL = YES;
				SWIFT_VERSION = 5.0;
				TARGETED_DEVICE_FAMILY = "1,2";
			};
			name = Release;
		};
		2249B13923555D2900A5E584 /* Debug */ = {
			isa = XCBuildConfiguration;
			buildSettings = {
				ALWAYS_SEARCH_USER_PATHS = NO;
				CLANG_ANALYZER_NONNULL = YES;
				CLANG_ANALYZER_NUMBER_OBJECT_CONVERSION = YES_AGGRESSIVE;
				CLANG_CXX_LANGUAGE_STANDARD = "gnu++14";
				CLANG_CXX_LIBRARY = "libc++";
				CLANG_ENABLE_MODULES = YES;
				CLANG_ENABLE_OBJC_ARC = YES;
				CLANG_ENABLE_OBJC_WEAK = YES;
				CLANG_WARN_BLOCK_CAPTURE_AUTORELEASING = YES;
				CLANG_WARN_BOOL_CONVERSION = YES;
				CLANG_WARN_COMMA = YES;
				CLANG_WARN_CONSTANT_CONVERSION = YES;
				CLANG_WARN_DEPRECATED_OBJC_IMPLEMENTATIONS = YES;
				CLANG_WARN_DIRECT_OBJC_ISA_USAGE = YES_ERROR;
				CLANG_WARN_DOCUMENTATION_COMMENTS = YES;
				CLANG_WARN_EMPTY_BODY = YES;
				CLANG_WARN_ENUM_CONVERSION = YES;
				CLANG_WARN_INFINITE_RECURSION = YES;
				CLANG_WARN_INT_CONVERSION = YES;
				CLANG_WARN_NON_LITERAL_NULL_CONVERSION = YES;
				CLANG_WARN_OBJC_IMPLICIT_RETAIN_SELF = YES;
				CLANG_WARN_OBJC_LITERAL_CONVERSION = YES;
				CLANG_WARN_OBJC_ROOT_CLASS = YES_ERROR;
				CLANG_WARN_RANGE_LOOP_ANALYSIS = YES;
				CLANG_WARN_STRICT_PROTOTYPES = YES;
				CLANG_WARN_SUSPICIOUS_MOVE = YES;
				CLANG_WARN_UNGUARDED_AVAILABILITY = YES_AGGRESSIVE;
				CLANG_WARN_UNREACHABLE_CODE = YES;
				CLANG_WARN__DUPLICATE_METHOD_MATCH = YES;
				COPY_PHASE_STRIP = NO;
				DEBUG_INFORMATION_FORMAT = dwarf;
				ENABLE_STRICT_OBJC_MSGSEND = YES;
				ENABLE_TESTABILITY = YES;
				GCC_C_LANGUAGE_STANDARD = gnu11;
				GCC_DYNAMIC_NO_PIC = NO;
				GCC_NO_COMMON_BLOCKS = YES;
				GCC_OPTIMIZATION_LEVEL = 0;
				GCC_PREPROCESSOR_DEFINITIONS = (
					"DEBUG=1",
					"$(inherited)",
				);
				GCC_WARN_64_TO_32_BIT_CONVERSION = YES;
				GCC_WARN_ABOUT_RETURN_TYPE = YES_ERROR;
				GCC_WARN_UNDECLARED_SELECTOR = YES;
				GCC_WARN_UNINITIALIZED_AUTOS = YES_AGGRESSIVE;
				GCC_WARN_UNUSED_FUNCTION = YES;
				GCC_WARN_UNUSED_VARIABLE = YES;
				IPHONEOS_DEPLOYMENT_TARGET = 13.1;
				MTL_ENABLE_DEBUG_INFO = INCLUDE_SOURCE;
				MTL_FAST_MATH = YES;
				ONLY_ACTIVE_ARCH = YES;
				SDKROOT = iphoneos;
				SWIFT_ACTIVE_COMPILATION_CONDITIONS = DEBUG;
				SWIFT_OPTIMIZATION_LEVEL = "-Onone";
			};
			name = Debug;
		};
		2249B13A23555D2900A5E584 /* Release */ = {
			isa = XCBuildConfiguration;
			buildSettings = {
				ALWAYS_SEARCH_USER_PATHS = NO;
				CLANG_ANALYZER_NONNULL = YES;
				CLANG_ANALYZER_NUMBER_OBJECT_CONVERSION = YES_AGGRESSIVE;
				CLANG_CXX_LANGUAGE_STANDARD = "gnu++14";
				CLANG_CXX_LIBRARY = "libc++";
				CLANG_ENABLE_MODULES = YES;
				CLANG_ENABLE_OBJC_ARC = YES;
				CLANG_ENABLE_OBJC_WEAK = YES;
				CLANG_WARN_BLOCK_CAPTURE_AUTORELEASING = YES;
				CLANG_WARN_BOOL_CONVERSION = YES;
				CLANG_WARN_COMMA = YES;
				CLANG_WARN_CONSTANT_CONVERSION = YES;
				CLANG_WARN_DEPRECATED_OBJC_IMPLEMENTATIONS = YES;
				CLANG_WARN_DIRECT_OBJC_ISA_USAGE = YES_ERROR;
				CLANG_WARN_DOCUMENTATION_COMMENTS = YES;
				CLANG_WARN_EMPTY_BODY = YES;
				CLANG_WARN_ENUM_CONVERSION = YES;
				CLANG_WARN_INFINITE_RECURSION = YES;
				CLANG_WARN_INT_CONVERSION = YES;
				CLANG_WARN_NON_LITERAL_NULL_CONVERSION = YES;
				CLANG_WARN_OBJC_IMPLICIT_RETAIN_SELF = YES;
				CLANG_WARN_OBJC_LITERAL_CONVERSION = YES;
				CLANG_WARN_OBJC_ROOT_CLASS = YES_ERROR;
				CLANG_WARN_RANGE_LOOP_ANALYSIS = YES;
				CLANG_WARN_STRICT_PROTOTYPES = YES;
				CLANG_WARN_SUSPICIOUS_MOVE = YES;
				CLANG_WARN_UNGUARDED_AVAILABILITY = YES_AGGRESSIVE;
				CLANG_WARN_UNREACHABLE_CODE = YES;
				CLANG_WARN__DUPLICATE_METHOD_MATCH = YES;
				COPY_PHASE_STRIP = NO;
				DEBUG_INFORMATION_FORMAT = "dwarf-with-dsym";
				ENABLE_NS_ASSERTIONS = NO;
				ENABLE_STRICT_OBJC_MSGSEND = YES;
				GCC_C_LANGUAGE_STANDARD = gnu11;
				GCC_NO_COMMON_BLOCKS = YES;
				GCC_WARN_64_TO_32_BIT_CONVERSION = YES;
				GCC_WARN_ABOUT_RETURN_TYPE = YES_ERROR;
				GCC_WARN_UNDECLARED_SELECTOR = YES;
				GCC_WARN_UNINITIALIZED_AUTOS = YES_AGGRESSIVE;
				GCC_WARN_UNUSED_FUNCTION = YES;
				GCC_WARN_UNUSED_VARIABLE = YES;
				IPHONEOS_DEPLOYMENT_TARGET = 13.1;
				MTL_ENABLE_DEBUG_INFO = NO;
				MTL_FAST_MATH = YES;
				SDKROOT = iphoneos;
				SWIFT_COMPILATION_MODE = wholemodule;
				SWIFT_OPTIMIZATION_LEVEL = "-O";
				VALIDATE_PRODUCT = YES;
			};
			name = Release;
		};
		2249B13C23555D2900A5E584 /* Debug */ = {
			isa = XCBuildConfiguration;
			buildSettings = {
				ASSETCATALOG_COMPILER_APPICON_NAME = AppIcon;
				CODE_SIGN_STYLE = Automatic;
				DEVELOPMENT_TEAM = Q8J36QMFTT;
				INFOPLIST_FILE = "JSON to Core Data/Info.plist";
				LD_RUNPATH_SEARCH_PATHS = (
					"$(inherited)",
					"@executable_path/Frameworks",
				);
				PRODUCT_BUNDLE_IDENTIFIER = "com.ksad.JSON-to-Core-Data";
				PRODUCT_NAME = "$(TARGET_NAME)";
				SWIFT_VERSION = 5.0;
				TARGETED_DEVICE_FAMILY = "1,2";
			};
			name = Debug;
		};
		2249B13D23555D2900A5E584 /* Release */ = {
			isa = XCBuildConfiguration;
			buildSettings = {
				ASSETCATALOG_COMPILER_APPICON_NAME = AppIcon;
				CODE_SIGN_STYLE = Automatic;
				DEVELOPMENT_TEAM = Q8J36QMFTT;
				INFOPLIST_FILE = "JSON to Core Data/Info.plist";
				LD_RUNPATH_SEARCH_PATHS = (
					"$(inherited)",
					"@executable_path/Frameworks",
				);
				PRODUCT_BUNDLE_IDENTIFIER = "com.ksad.JSON-to-Core-Data";
				PRODUCT_NAME = "$(TARGET_NAME)";
				SWIFT_VERSION = 5.0;
				TARGETED_DEVICE_FAMILY = "1,2";
			};
			name = Release;
		};
/* End XCBuildConfiguration section */

/* Begin XCConfigurationList section */
		223592FB2356101200DB3E11 /* Build configuration list for PBXNativeTarget "KSAD Widget" */ = {
			isa = XCConfigurationList;
			buildConfigurations = (
				223592F92356101200DB3E11 /* Debug */,
				223592FA2356101200DB3E11 /* Release */,
			);
			defaultConfigurationIsVisible = 0;
			defaultConfigurationName = Release;
		};
		2249B11F23555D2800A5E584 /* Build configuration list for PBXProject "JSON to Core Data" */ = {
			isa = XCConfigurationList;
			buildConfigurations = (
				2249B13923555D2900A5E584 /* Debug */,
				2249B13A23555D2900A5E584 /* Release */,
			);
			defaultConfigurationIsVisible = 0;
			defaultConfigurationName = Release;
		};
		2249B13B23555D2900A5E584 /* Build configuration list for PBXNativeTarget "JSON to Core Data" */ = {
			isa = XCConfigurationList;
			buildConfigurations = (
				2249B13C23555D2900A5E584 /* Debug */,
				2249B13D23555D2900A5E584 /* Release */,
			);
			defaultConfigurationIsVisible = 0;
			defaultConfigurationName = Release;
		};
/* End XCConfigurationList section */

/* Begin XCVersionGroup section */
		2249B13023555D2800A5E584 /* JSON_to_Core_Data.xcdatamodeld */ = {
			isa = XCVersionGroup;
			children = (
				2249B13123555D2800A5E584 /* JSON_to_Core_Data.xcdatamodel */,
			);
			currentVersion = 2249B13123555D2800A5E584 /* JSON_to_Core_Data.xcdatamodel */;
			path = JSON_to_Core_Data.xcdatamodeld;
			sourceTree = "<group>";
			versionGroupType = wrapper.xcdatamodel;
		};
/* End XCVersionGroup section */
	};
	rootObject = 2249B11C23555D2800A5E584 /* Project object */;
}
