// !$*UTF8*$!
{
	archiveVersion = 1;
	classes = {
	};
	objectVersion = 51;
	objects = {

/* Begin PBXBuildFile section */
		221942FB23775CD4003267EE /* PageViewController.swift in Sources */ = {isa = PBXBuildFile; fileRef = 221942FA23775CD4003267EE /* PageViewController.swift */; };
		2223E97C2378F82E00C2CBC5 /* GraphSOKRATES.swift in Sources */ = {isa = PBXBuildFile; fileRef = 2223E97B2378F82E00C2CBC5 /* GraphSOKRATES.swift */; };
		2238D5D9235E201900C2C29D /* AboutSOKRATES.swift in Sources */ = {isa = PBXBuildFile; fileRef = 2238D5D8235E201900C2C29D /* AboutSOKRATES.swift */; };
		22E501CC235697FF00939688 /* FullQuote.swift in Sources */ = {isa = PBXBuildFile; fileRef = 22E501CB235697FF00939688 /* FullQuote.swift */; };
		22F908EE235616CB00AF34D0 /* AppDelegate.swift in Sources */ = {isa = PBXBuildFile; fileRef = 22F908ED235616CB00AF34D0 /* AppDelegate.swift */; };
		22F908F0235616CB00AF34D0 /* SceneDelegate.swift in Sources */ = {isa = PBXBuildFile; fileRef = 22F908EF235616CB00AF34D0 /* SceneDelegate.swift */; };
		22F908F2235616CB00AF34D0 /* ViewController.swift in Sources */ = {isa = PBXBuildFile; fileRef = 22F908F1235616CB00AF34D0 /* ViewController.swift */; };
		22F908F5235616CB00AF34D0 /* Main.storyboard in Resources */ = {isa = PBXBuildFile; fileRef = 22F908F3235616CB00AF34D0 /* Main.storyboard */; };
		22F908F7235616CC00AF34D0 /* Assets.xcassets in Resources */ = {isa = PBXBuildFile; fileRef = 22F908F6235616CC00AF34D0 /* Assets.xcassets */; };
		22F908FA235616CC00AF34D0 /* LaunchScreen.storyboard in Resources */ = {isa = PBXBuildFile; fileRef = 22F908F8235616CC00AF34D0 /* LaunchScreen.storyboard */; };
		22FBBB71235A1E4600A34451 /* NotificationCenter.framework in Frameworks */ = {isa = PBXBuildFile; fileRef = 22FBBB70235A1E4600A34451 /* NotificationCenter.framework */; };
		22FBBB74235A1E4600A34451 /* TodayViewController.swift in Sources */ = {isa = PBXBuildFile; fileRef = 22FBBB73235A1E4600A34451 /* TodayViewController.swift */; };
		22FBBB77235A1E4600A34451 /* MainInterface.storyboard in Resources */ = {isa = PBXBuildFile; fileRef = 22FBBB75235A1E4600A34451 /* MainInterface.storyboard */; };
		22FBBB7B235A1E4600A34451 /* SOKRATES_WIDGET.appex in Embed App Extensions */ = {isa = PBXBuildFile; fileRef = 22FBBB6E235A1E4600A34451 /* SOKRATES_WIDGET.appex */; settings = {ATTRIBUTES = (RemoveHeadersOnCopy, ); }; };
		2A2DB416EE263E81D710AE50 /* Pods_SOKRATES.framework in Frameworks */ = {isa = PBXBuildFile; fileRef = 8AA70DA65B1D1B98DD49A3C3 /* Pods_SOKRATES.framework */; };
/* End PBXBuildFile section */

/* Begin PBXContainerItemProxy section */
		22FBBB79235A1E4600A34451 /* PBXContainerItemProxy */ = {
			isa = PBXContainerItemProxy;
			containerPortal = 22F908E2235616CB00AF34D0 /* Project object */;
			proxyType = 1;
			remoteGlobalIDString = 22FBBB6D235A1E4600A34451;
			remoteInfo = SOKRATES_WIDGET;
		};
/* End PBXContainerItemProxy section */

/* Begin PBXCopyFilesBuildPhase section */
		22FBBB7C235A1E4600A34451 /* Embed App Extensions */ = {
			isa = PBXCopyFilesBuildPhase;
			buildActionMask = 2147483647;
			dstPath = "";
			dstSubfolderSpec = 13;
			files = (
				22FBBB7B235A1E4600A34451 /* SOKRATES_WIDGET.appex in Embed App Extensions */,
			);
			name = "Embed App Extensions";
			runOnlyForDeploymentPostprocessing = 0;
		};
/* End PBXCopyFilesBuildPhase section */

/* Begin PBXFileReference section */
		221942FA23775CD4003267EE /* PageViewController.swift */ = {isa = PBXFileReference; lastKnownFileType = sourcecode.swift; path = PageViewController.swift; sourceTree = "<group>"; };
		2223E97B2378F82E00C2CBC5 /* GraphSOKRATES.swift */ = {isa = PBXFileReference; lastKnownFileType = sourcecode.swift; path = GraphSOKRATES.swift; sourceTree = "<group>"; };
		2238D5D8235E201900C2C29D /* AboutSOKRATES.swift */ = {isa = PBXFileReference; lastKnownFileType = sourcecode.swift; path = AboutSOKRATES.swift; sourceTree = "<group>"; };
		22E501CB235697FF00939688 /* FullQuote.swift */ = {isa = PBXFileReference; lastKnownFileType = sourcecode.swift; path = FullQuote.swift; sourceTree = "<group>"; };
		22F908EA235616CB00AF34D0 /* SOKRATES.app */ = {isa = PBXFileReference; explicitFileType = wrapper.application; includeInIndex = 0; path = SOKRATES.app; sourceTree = BUILT_PRODUCTS_DIR; };
		22F908ED235616CB00AF34D0 /* AppDelegate.swift */ = {isa = PBXFileReference; lastKnownFileType = sourcecode.swift; path = AppDelegate.swift; sourceTree = "<group>"; };
		22F908EF235616CB00AF34D0 /* SceneDelegate.swift */ = {isa = PBXFileReference; lastKnownFileType = sourcecode.swift; path = SceneDelegate.swift; sourceTree = "<group>"; };
		22F908F1235616CB00AF34D0 /* ViewController.swift */ = {isa = PBXFileReference; lastKnownFileType = sourcecode.swift; path = ViewController.swift; sourceTree = "<group>"; };
		22F908F4235616CB00AF34D0 /* Base */ = {isa = PBXFileReference; lastKnownFileType = file.storyboard; name = Base; path = Base.lproj/Main.storyboard; sourceTree = "<group>"; };
		22F908F6235616CC00AF34D0 /* Assets.xcassets */ = {isa = PBXFileReference; lastKnownFileType = folder.assetcatalog; path = Assets.xcassets; sourceTree = "<group>"; };
		22F908F9235616CC00AF34D0 /* Base */ = {isa = PBXFileReference; lastKnownFileType = file.storyboard; name = Base; path = Base.lproj/LaunchScreen.storyboard; sourceTree = "<group>"; };
		22F908FB235616CC00AF34D0 /* Info.plist */ = {isa = PBXFileReference; lastKnownFileType = text.plist.xml; path = Info.plist; sourceTree = "<group>"; };
		22FBBB6E235A1E4600A34451 /* SOKRATES_WIDGET.appex */ = {isa = PBXFileReference; explicitFileType = "wrapper.app-extension"; includeInIndex = 0; path = SOKRATES_WIDGET.appex; sourceTree = BUILT_PRODUCTS_DIR; };
		22FBBB70235A1E4600A34451 /* NotificationCenter.framework */ = {isa = PBXFileReference; lastKnownFileType = wrapper.framework; name = NotificationCenter.framework; path = System/Library/Frameworks/NotificationCenter.framework; sourceTree = SDKROOT; };
		22FBBB73235A1E4600A34451 /* TodayViewController.swift */ = {isa = PBXFileReference; lastKnownFileType = sourcecode.swift; path = TodayViewController.swift; sourceTree = "<group>"; };
		22FBBB76235A1E4600A34451 /* Base */ = {isa = PBXFileReference; lastKnownFileType = file.storyboard; name = Base; path = Base.lproj/MainInterface.storyboard; sourceTree = "<group>"; };
		22FBBB78235A1E4600A34451 /* Info.plist */ = {isa = PBXFileReference; lastKnownFileType = text.plist.xml; path = Info.plist; sourceTree = "<group>"; };
		22FBBB80235A20E200A34451 /* SOKRATES.entitlements */ = {isa = PBXFileReference; lastKnownFileType = text.plist.entitlements; path = SOKRATES.entitlements; sourceTree = "<group>"; };
		22FBBB81235A20EE00A34451 /* SOKRATES_WIDGET.entitlements */ = {isa = PBXFileReference; lastKnownFileType = text.plist.entitlements; path = SOKRATES_WIDGET.entitlements; sourceTree = "<group>"; };
		69C959AB31EE6E277EA9F837 /* Pods-SOKRATES.debug.xcconfig */ = {isa = PBXFileReference; includeInIndex = 1; lastKnownFileType = text.xcconfig; name = "Pods-SOKRATES.debug.xcconfig"; path = "Target Support Files/Pods-SOKRATES/Pods-SOKRATES.debug.xcconfig"; sourceTree = "<group>"; };
		8AA70DA65B1D1B98DD49A3C3 /* Pods_SOKRATES.framework */ = {isa = PBXFileReference; explicitFileType = wrapper.framework; includeInIndex = 0; path = Pods_SOKRATES.framework; sourceTree = BUILT_PRODUCTS_DIR; };
		B0E81BF746B40BADB822C6D1 /* Pods-SOKRATES.release.xcconfig */ = {isa = PBXFileReference; includeInIndex = 1; lastKnownFileType = text.xcconfig; name = "Pods-SOKRATES.release.xcconfig"; path = "Target Support Files/Pods-SOKRATES/Pods-SOKRATES.release.xcconfig"; sourceTree = "<group>"; };
/* End PBXFileReference section */

/* Begin PBXFrameworksBuildPhase section */
		22F908E7235616CB00AF34D0 /* Frameworks */ = {
			isa = PBXFrameworksBuildPhase;
			buildActionMask = 2147483647;
			files = (
				2A2DB416EE263E81D710AE50 /* Pods_SOKRATES.framework in Frameworks */,
			);
			runOnlyForDeploymentPostprocessing = 0;
		};
		22FBBB6B235A1E4600A34451 /* Frameworks */ = {
			isa = PBXFrameworksBuildPhase;
			buildActionMask = 2147483647;
			files = (
				22FBBB71235A1E4600A34451 /* NotificationCenter.framework in Frameworks */,
			);
			runOnlyForDeploymentPostprocessing = 0;
		};
/* End PBXFrameworksBuildPhase section */

/* Begin PBXGroup section */
		22F908E1235616CB00AF34D0 = {
			isa = PBXGroup;
			children = (
				22F908EC235616CB00AF34D0 /* SOKRATES */,
				22FBBB72235A1E4600A34451 /* SOKRATES_WIDGET */,
				22FBBB6F235A1E4600A34451 /* Frameworks */,
				22F908EB235616CB00AF34D0 /* Products */,
				434D2CD944C19B481540E217 /* Pods */,
			);
			sourceTree = "<group>";
		};
		22F908EB235616CB00AF34D0 /* Products */ = {
			isa = PBXGroup;
			children = (
				22F908EA235616CB00AF34D0 /* SOKRATES.app */,
				22FBBB6E235A1E4600A34451 /* SOKRATES_WIDGET.appex */,
			);
			name = Products;
			sourceTree = "<group>";
		};
		22F908EC235616CB00AF34D0 /* SOKRATES */ = {
			isa = PBXGroup;
			children = (
				22FBBB80235A20E200A34451 /* SOKRATES.entitlements */,
				22F908ED235616CB00AF34D0 /* AppDelegate.swift */,
				22F908EF235616CB00AF34D0 /* SceneDelegate.swift */,
				22F908F3235616CB00AF34D0 /* Main.storyboard */,
				221942FA23775CD4003267EE /* PageViewController.swift */,
				22F908F1235616CB00AF34D0 /* ViewController.swift */,
				2223E97B2378F82E00C2CBC5 /* GraphSOKRATES.swift */,
				2238D5D8235E201900C2C29D /* AboutSOKRATES.swift */,
				22F908F6235616CC00AF34D0 /* Assets.xcassets */,
				22F908F8235616CC00AF34D0 /* LaunchScreen.storyboard */,
				22F908FB235616CC00AF34D0 /* Info.plist */,
				22E501CB235697FF00939688 /* FullQuote.swift */,
			);
			path = SOKRATES;
			sourceTree = "<group>";
		};
		22FBBB6F235A1E4600A34451 /* Frameworks */ = {
			isa = PBXGroup;
			children = (
				22FBBB70235A1E4600A34451 /* NotificationCenter.framework */,
				8AA70DA65B1D1B98DD49A3C3 /* Pods_SOKRATES.framework */,
			);
			name = Frameworks;
			sourceTree = "<group>";
		};
		22FBBB72235A1E4600A34451 /* SOKRATES_WIDGET */ = {
			isa = PBXGroup;
			children = (
				22FBBB81235A20EE00A34451 /* SOKRATES_WIDGET.entitlements */,
				22FBBB73235A1E4600A34451 /* TodayViewController.swift */,
				22FBBB75235A1E4600A34451 /* MainInterface.storyboard */,
				22FBBB78235A1E4600A34451 /* Info.plist */,
			);
			path = SOKRATES_WIDGET;
			sourceTree = "<group>";
		};
		434D2CD944C19B481540E217 /* Pods */ = {
			isa = PBXGroup;
			children = (
				69C959AB31EE6E277EA9F837 /* Pods-SOKRATES.debug.xcconfig */,
				B0E81BF746B40BADB822C6D1 /* Pods-SOKRATES.release.xcconfig */,
			);
			path = Pods;
			sourceTree = "<group>";
		};
/* End PBXGroup section */

/* Begin PBXNativeTarget section */
		22F908E9235616CB00AF34D0 /* SOKRATES */ = {
			isa = PBXNativeTarget;
			buildConfigurationList = 22F908FE235616CC00AF34D0 /* Build configuration list for PBXNativeTarget "SOKRATES" */;
			buildPhases = (
				CBD424F560AD618BAEF82E16 /* [CP] Check Pods Manifest.lock */,
				22F908E6235616CB00AF34D0 /* Sources */,
				22F908E7235616CB00AF34D0 /* Frameworks */,
				22F908E8235616CB00AF34D0 /* Resources */,
				22FBBB7C235A1E4600A34451 /* Embed App Extensions */,
				9BECB63ECB06DFC6CEF364AA /* [CP] Embed Pods Frameworks */,
			);
			buildRules = (
			);
			dependencies = (
				22FBBB7A235A1E4600A34451 /* PBXTargetDependency */,
			);
			name = SOKRATES;
			productName = SOKRATES;
			productReference = 22F908EA235616CB00AF34D0 /* SOKRATES.app */;
			productType = "com.apple.product-type.application";
		};
		22FBBB6D235A1E4600A34451 /* SOKRATES_WIDGET */ = {
			isa = PBXNativeTarget;
			buildConfigurationList = 22FBBB7F235A1E4600A34451 /* Build configuration list for PBXNativeTarget "SOKRATES_WIDGET" */;
			buildPhases = (
				22FBBB6A235A1E4600A34451 /* Sources */,
				22FBBB6B235A1E4600A34451 /* Frameworks */,
				22FBBB6C235A1E4600A34451 /* Resources */,
			);
			buildRules = (
			);
			dependencies = (
			);
			name = SOKRATES_WIDGET;
			productName = SOKRATES_WIDGET;
			productReference = 22FBBB6E235A1E4600A34451 /* SOKRATES_WIDGET.appex */;
			productType = "com.apple.product-type.app-extension";
		};
/* End PBXNativeTarget section */

/* Begin PBXProject section */
		22F908E2235616CB00AF34D0 /* Project object */ = {
			isa = PBXProject;
			attributes = {
				LastSwiftUpdateCheck = 1110;
				LastUpgradeCheck = 1110;
				ORGANIZATIONNAME = KSAD;
				TargetAttributes = {
					22F908E9235616CB00AF34D0 = {
						CreatedOnToolsVersion = 11.1;
					};
					22FBBB6D235A1E4600A34451 = {
						CreatedOnToolsVersion = 11.1;
					};
				};
			};
			buildConfigurationList = 22F908E5235616CB00AF34D0 /* Build configuration list for PBXProject "SOKRATES" */;
			compatibilityVersion = "Xcode 9.3";
			developmentRegion = en;
			hasScannedForEncodings = 0;
			knownRegions = (
				en,
				Base,
			);
			mainGroup = 22F908E1235616CB00AF34D0;
			productRefGroup = 22F908EB235616CB00AF34D0 /* Products */;
			projectDirPath = "";
			projectRoot = "";
			targets = (
				22F908E9235616CB00AF34D0 /* SOKRATES */,
				22FBBB6D235A1E4600A34451 /* SOKRATES_WIDGET */,
			);
		};
/* End PBXProject section */

/* Begin PBXResourcesBuildPhase section */
		22F908E8235616CB00AF34D0 /* Resources */ = {
			isa = PBXResourcesBuildPhase;
			buildActionMask = 2147483647;
			files = (
				22F908FA235616CC00AF34D0 /* LaunchScreen.storyboard in Resources */,
				22F908F7235616CC00AF34D0 /* Assets.xcassets in Resources */,
				22F908F5235616CB00AF34D0 /* Main.storyboard in Resources */,
			);
			runOnlyForDeploymentPostprocessing = 0;
		};
		22FBBB6C235A1E4600A34451 /* Resources */ = {
			isa = PBXResourcesBuildPhase;
			buildActionMask = 2147483647;
			files = (
				22FBBB77235A1E4600A34451 /* MainInterface.storyboard in Resources */,
			);
			runOnlyForDeploymentPostprocessing = 0;
		};
/* End PBXResourcesBuildPhase section */

/* Begin PBXShellScriptBuildPhase section */
		9BECB63ECB06DFC6CEF364AA /* [CP] Embed Pods Frameworks */ = {
			isa = PBXShellScriptBuildPhase;
			buildActionMask = 2147483647;
			files = (
			);
			inputFileListPaths = (
				"${PODS_ROOT}/Target Support Files/Pods-SOKRATES/Pods-SOKRATES-frameworks-${CONFIGURATION}-input-files.xcfilelist",
			);
			name = "[CP] Embed Pods Frameworks";
			outputFileListPaths = (
				"${PODS_ROOT}/Target Support Files/Pods-SOKRATES/Pods-SOKRATES-frameworks-${CONFIGURATION}-output-files.xcfilelist",
			);
			runOnlyForDeploymentPostprocessing = 0;
			shellPath = /bin/sh;
			shellScript = "\"${PODS_ROOT}/Target Support Files/Pods-SOKRATES/Pods-SOKRATES-frameworks.sh\"\n";
			showEnvVarsInLog = 0;
		};
		CBD424F560AD618BAEF82E16 /* [CP] Check Pods Manifest.lock */ = {
			isa = PBXShellScriptBuildPhase;
			buildActionMask = 2147483647;
			files = (
			);
			inputFileListPaths = (
			);
			inputPaths = (
				"${PODS_PODFILE_DIR_PATH}/Podfile.lock",
				"${PODS_ROOT}/Manifest.lock",
			);
			name = "[CP] Check Pods Manifest.lock";
			outputFileListPaths = (
			);
			outputPaths = (
				"$(DERIVED_FILE_DIR)/Pods-SOKRATES-checkManifestLockResult.txt",
			);
			runOnlyForDeploymentPostprocessing = 0;
			shellPath = /bin/sh;
			shellScript = "diff \"${PODS_PODFILE_DIR_PATH}/Podfile.lock\" \"${PODS_ROOT}/Manifest.lock\" > /dev/null\nif [ $? != 0 ] ; then\n    # print error to STDERR\n    echo \"error: The sandbox is not in sync with the Podfile.lock. Run 'pod install' or update your CocoaPods installation.\" >&2\n    exit 1\nfi\n# This output is used by Xcode 'outputs' to avoid re-running this script phase.\necho \"SUCCESS\" > \"${SCRIPT_OUTPUT_FILE_0}\"\n";
			showEnvVarsInLog = 0;
		};
/* End PBXShellScriptBuildPhase section */

/* Begin PBXSourcesBuildPhase section */
		22F908E6235616CB00AF34D0 /* Sources */ = {
			isa = PBXSourcesBuildPhase;
			buildActionMask = 2147483647;
			files = (
				22F908F2235616CB00AF34D0 /* ViewController.swift in Sources */,
				2238D5D9235E201900C2C29D /* AboutSOKRATES.swift in Sources */,
				2223E97C2378F82E00C2CBC5 /* GraphSOKRATES.swift in Sources */,
				221942FB23775CD4003267EE /* PageViewController.swift in Sources */,
				22F908EE235616CB00AF34D0 /* AppDelegate.swift in Sources */,
				22F908F0235616CB00AF34D0 /* SceneDelegate.swift in Sources */,
				22E501CC235697FF00939688 /* FullQuote.swift in Sources */,
			);
			runOnlyForDeploymentPostprocessing = 0;
		};
		22FBBB6A235A1E4600A34451 /* Sources */ = {
			isa = PBXSourcesBuildPhase;
			buildActionMask = 2147483647;
			files = (
				22FBBB74235A1E4600A34451 /* TodayViewController.swift in Sources */,
			);
			runOnlyForDeploymentPostprocessing = 0;
		};
/* End PBXSourcesBuildPhase section */

/* Begin PBXTargetDependency section */
		22FBBB7A235A1E4600A34451 /* PBXTargetDependency */ = {
			isa = PBXTargetDependency;
			target = 22FBBB6D235A1E4600A34451 /* SOKRATES_WIDGET */;
			targetProxy = 22FBBB79235A1E4600A34451 /* PBXContainerItemProxy */;
		};
/* End PBXTargetDependency section */

/* Begin PBXVariantGroup section */
		22F908F3235616CB00AF34D0 /* Main.storyboard */ = {
			isa = PBXVariantGroup;
			children = (
				22F908F4235616CB00AF34D0 /* Base */,
			);
			name = Main.storyboard;
			sourceTree = "<group>";
		};
		22F908F8235616CC00AF34D0 /* LaunchScreen.storyboard */ = {
			isa = PBXVariantGroup;
			children = (
				22F908F9235616CC00AF34D0 /* Base */,
			);
			name = LaunchScreen.storyboard;
			sourceTree = "<group>";
		};
		22FBBB75235A1E4600A34451 /* MainInterface.storyboard */ = {
			isa = PBXVariantGroup;
			children = (
				22FBBB76235A1E4600A34451 /* Base */,
			);
			name = MainInterface.storyboard;
			sourceTree = "<group>";
		};
/* End PBXVariantGroup section */

/* Begin XCBuildConfiguration section */
		22F908FC235616CC00AF34D0 /* Debug */ = {
			isa = XCBuildConfiguration;
			buildSettings = {
				ALWAYS_SEARCH_USER_PATHS = NO;
				CLANG_ANALYZER_NONNULL = YES;
				CLANG_ANALYZER_NUMBER_OBJECT_CONVERSION = YES_AGGRESSIVE;
				CLANG_CXX_LANGUAGE_STANDARD = "gnu++14";
				CLANG_CXX_LIBRARY = "libc++";
				CLANG_ENABLE_MODULES = YES;
				CLANG_ENABLE_OBJC_ARC = YES;
				CLANG_ENABLE_OBJC_WEAK = YES;
				CLANG_WARN_BLOCK_CAPTURE_AUTORELEASING = YES;
				CLANG_WARN_BOOL_CONVERSION = YES;
				CLANG_WARN_COMMA = YES;
				CLANG_WARN_CONSTANT_CONVERSION = YES;
				CLANG_WARN_DEPRECATED_OBJC_IMPLEMENTATIONS = YES;
				CLANG_WARN_DIRECT_OBJC_ISA_USAGE = YES_ERROR;
				CLANG_WARN_DOCUMENTATION_COMMENTS = YES;
				CLANG_WARN_EMPTY_BODY = YES;
				CLANG_WARN_ENUM_CONVERSION = YES;
				CLANG_WARN_INFINITE_RECURSION = YES;
				CLANG_WARN_INT_CONVERSION = YES;
				CLANG_WARN_NON_LITERAL_NULL_CONVERSION = YES;
				CLANG_WARN_OBJC_IMPLICIT_RETAIN_SELF = YES;
				CLANG_WARN_OBJC_LITERAL_CONVERSION = YES;
				CLANG_WARN_OBJC_ROOT_CLASS = YES_ERROR;
				CLANG_WARN_RANGE_LOOP_ANALYSIS = YES;
				CLANG_WARN_STRICT_PROTOTYPES = YES;
				CLANG_WARN_SUSPICIOUS_MOVE = YES;
				CLANG_WARN_UNGUARDED_AVAILABILITY = YES_AGGRESSIVE;
				CLANG_WARN_UNREACHABLE_CODE = YES;
				CLANG_WARN__DUPLICATE_METHOD_MATCH = YES;
				COPY_PHASE_STRIP = NO;
				DEBUG_INFORMATION_FORMAT = dwarf;
				ENABLE_STRICT_OBJC_MSGSEND = YES;
				ENABLE_TESTABILITY = YES;
				GCC_C_LANGUAGE_STANDARD = gnu11;
				GCC_DYNAMIC_NO_PIC = NO;
				GCC_NO_COMMON_BLOCKS = YES;
				GCC_OPTIMIZATION_LEVEL = 0;
				GCC_PREPROCESSOR_DEFINITIONS = (
					"DEBUG=1",
					"$(inherited)",
				);
				GCC_WARN_64_TO_32_BIT_CONVERSION = YES;
				GCC_WARN_ABOUT_RETURN_TYPE = YES_ERROR;
				GCC_WARN_UNDECLARED_SELECTOR = YES;
				GCC_WARN_UNINITIALIZED_AUTOS = YES_AGGRESSIVE;
				GCC_WARN_UNUSED_FUNCTION = YES;
				GCC_WARN_UNUSED_VARIABLE = YES;
				IPHONEOS_DEPLOYMENT_TARGET = 13.1;
				MTL_ENABLE_DEBUG_INFO = INCLUDE_SOURCE;
				MTL_FAST_MATH = YES;
				ONLY_ACTIVE_ARCH = YES;
				SDKROOT = iphoneos;
				SWIFT_ACTIVE_COMPILATION_CONDITIONS = DEBUG;
				SWIFT_OPTIMIZATION_LEVEL = "-Onone";
			};
			name = Debug;
		};
		22F908FD235616CC00AF34D0 /* Release */ = {
			isa = XCBuildConfiguration;
			buildSettings = {
				ALWAYS_SEARCH_USER_PATHS = NO;
				CLANG_ANALYZER_NONNULL = YES;
				CLANG_ANALYZER_NUMBER_OBJECT_CONVERSION = YES_AGGRESSIVE;
				CLANG_CXX_LANGUAGE_STANDARD = "gnu++14";
				CLANG_CXX_LIBRARY = "libc++";
				CLANG_ENABLE_MODULES = YES;
				CLANG_ENABLE_OBJC_ARC = YES;
				CLANG_ENABLE_OBJC_WEAK = YES;
				CLANG_WARN_BLOCK_CAPTURE_AUTORELEASING = YES;
				CLANG_WARN_BOOL_CONVERSION = YES;
				CLANG_WARN_COMMA = YES;
				CLANG_WARN_CONSTANT_CONVERSION = YES;
				CLANG_WARN_DEPRECATED_OBJC_IMPLEMENTATIONS = YES;
				CLANG_WARN_DIRECT_OBJC_ISA_USAGE = YES_ERROR;
				CLANG_WARN_DOCUMENTATION_COMMENTS = YES;
				CLANG_WARN_EMPTY_BODY = YES;
				CLANG_WARN_ENUM_CONVERSION = YES;
				CLANG_WARN_INFINITE_RECURSION = YES;
				CLANG_WARN_INT_CONVERSION = YES;
				CLANG_WARN_NON_LITERAL_NULL_CONVERSION = YES;
				CLANG_WARN_OBJC_IMPLICIT_RETAIN_SELF = YES;
				CLANG_WARN_OBJC_LITERAL_CONVERSION = YES;
				CLANG_WARN_OBJC_ROOT_CLASS = YES_ERROR;
				CLANG_WARN_RANGE_LOOP_ANALYSIS = YES;
				CLANG_WARN_STRICT_PROTOTYPES = YES;
				CLANG_WARN_SUSPICIOUS_MOVE = YES;
				CLANG_WARN_UNGUARDED_AVAILABILITY = YES_AGGRESSIVE;
				CLANG_WARN_UNREACHABLE_CODE = YES;
				CLANG_WARN__DUPLICATE_METHOD_MATCH = YES;
				COPY_PHASE_STRIP = NO;
				DEBUG_INFORMATION_FORMAT = "dwarf-with-dsym";
				ENABLE_NS_ASSERTIONS = NO;
				ENABLE_STRICT_OBJC_MSGSEND = YES;
				GCC_C_LANGUAGE_STANDARD = gnu11;
				GCC_NO_COMMON_BLOCKS = YES;
				GCC_WARN_64_TO_32_BIT_CONVERSION = YES;
				GCC_WARN_ABOUT_RETURN_TYPE = YES_ERROR;
				GCC_WARN_UNDECLARED_SELECTOR = YES;
				GCC_WARN_UNINITIALIZED_AUTOS = YES_AGGRESSIVE;
				GCC_WARN_UNUSED_FUNCTION = YES;
				GCC_WARN_UNUSED_VARIABLE = YES;
				IPHONEOS_DEPLOYMENT_TARGET = 13.1;
				MTL_ENABLE_DEBUG_INFO = NO;
				MTL_FAST_MATH = YES;
				SDKROOT = iphoneos;
				SWIFT_COMPILATION_MODE = wholemodule;
				SWIFT_OPTIMIZATION_LEVEL = "-O";
				VALIDATE_PRODUCT = YES;
			};
			name = Release;
		};
		22F908FF235616CC00AF34D0 /* Debug */ = {
			isa = XCBuildConfiguration;
			baseConfigurationReference = 69C959AB31EE6E277EA9F837 /* Pods-SOKRATES.debug.xcconfig */;
			buildSettings = {
				ALWAYS_EMBED_SWIFT_STANDARD_LIBRARIES = YES;
				ASSETCATALOG_COMPILER_APPICON_NAME = AppIcon;
				CODE_SIGN_ENTITLEMENTS = SOKRATES/SOKRATES.entitlements;
				CODE_SIGN_STYLE = Automatic;
				DEVELOPMENT_TEAM = Q8J36QMFTT;
				INFOPLIST_FILE = SOKRATES/Info.plist;
				IPHONEOS_DEPLOYMENT_TARGET = 13.0;
				LD_RUNPATH_SEARCH_PATHS = (
					"$(inherited)",
					"@executable_path/Frameworks",
				);
				MARKETING_VERSION = 1.2.3;
				PRODUCT_BUNDLE_IDENTIFIER = com.ksad.SOKRATES;
				PRODUCT_NAME = "$(TARGET_NAME)";
				SWIFT_VERSION = 5.0;
				TARGETED_DEVICE_FAMILY = "1,2";
			};
			name = Debug;
		};
		22F90900235616CC00AF34D0 /* Release */ = {
			isa = XCBuildConfiguration;
			baseConfigurationReference = B0E81BF746B40BADB822C6D1 /* Pods-SOKRATES.release.xcconfig */;
			buildSettings = {
				ALWAYS_EMBED_SWIFT_STANDARD_LIBRARIES = YES;
				ASSETCATALOG_COMPILER_APPICON_NAME = AppIcon;
				CODE_SIGN_ENTITLEMENTS = SOKRATES/SOKRATES.entitlements;
				CODE_SIGN_STYLE = Automatic;
				DEVELOPMENT_TEAM = Q8J36QMFTT;
				INFOPLIST_FILE = SOKRATES/Info.plist;
				IPHONEOS_DEPLOYMENT_TARGET = 13.0;
				LD_RUNPATH_SEARCH_PATHS = (
					"$(inherited)",
					"@executable_path/Frameworks",
				);
				MARKETING_VERSION = 1.2.3;
				PRODUCT_BUNDLE_IDENTIFIER = com.ksad.SOKRATES;
				PRODUCT_NAME = "$(TARGET_NAME)";
				SWIFT_VERSION = 5.0;
				TARGETED_DEVICE_FAMILY = "1,2";
			};
			name = Release;
		};
		22FBBB7D235A1E4600A34451 /* Debug */ = {
			isa = XCBuildConfiguration;
			buildSettings = {
				CODE_SIGN_ENTITLEMENTS = SOKRATES_WIDGET/SOKRATES_WIDGET.entitlements;
				CODE_SIGN_STYLE = Automatic;
				DEVELOPMENT_TEAM = Q8J36QMFTT;
				INFOPLIST_FILE = SOKRATES_WIDGET/Info.plist;
				IPHONEOS_DEPLOYMENT_TARGET = 13.0;
				LD_RUNPATH_SEARCH_PATHS = (
					"$(inherited)",
					"@executable_path/Frameworks",
					"@executable_path/../../Frameworks",
				);
				MARKETING_VERSION = 1.2.3;
				PRODUCT_BUNDLE_IDENTIFIER = "com.ksad.SOKRATES.SOKRATES-WIDGET";
				PRODUCT_NAME = "$(TARGET_NAME)";
				SKIP_INSTALL = YES;
				SWIFT_VERSION = 5.0;
				TARGETED_DEVICE_FAMILY = "1,2";
			};
			name = Debug;
		};
		22FBBB7E235A1E4600A34451 /* Release */ = {
			isa = XCBuildConfiguration;
			buildSettings = {
				CODE_SIGN_ENTITLEMENTS = SOKRATES_WIDGET/SOKRATES_WIDGET.entitlements;
				CODE_SIGN_STYLE = Automatic;
				DEVELOPMENT_TEAM = Q8J36QMFTT;
				INFOPLIST_FILE = SOKRATES_WIDGET/Info.plist;
				IPHONEOS_DEPLOYMENT_TARGET = 13.0;
				LD_RUNPATH_SEARCH_PATHS = (
					"$(inherited)",
					"@executable_path/Frameworks",
					"@executable_path/../../Frameworks",
				);
				MARKETING_VERSION = 1.2.3;
				PRODUCT_BUNDLE_IDENTIFIER = "com.ksad.SOKRATES.SOKRATES-WIDGET";
				PRODUCT_NAME = "$(TARGET_NAME)";
				SKIP_INSTALL = YES;
				SWIFT_VERSION = 5.0;
				TARGETED_DEVICE_FAMILY = "1,2";
			};
			name = Release;
		};
/* End XCBuildConfiguration section */

/* Begin XCConfigurationList section */
		22F908E5235616CB00AF34D0 /* Build configuration list for PBXProject "SOKRATES" */ = {
			isa = XCConfigurationList;
			buildConfigurations = (
				22F908FC235616CC00AF34D0 /* Debug */,
				22F908FD235616CC00AF34D0 /* Release */,
			);
			defaultConfigurationIsVisible = 0;
			defaultConfigurationName = Release;
		};
		22F908FE235616CC00AF34D0 /* Build configuration list for PBXNativeTarget "SOKRATES" */ = {
			isa = XCConfigurationList;
			buildConfigurations = (
				22F908FF235616CC00AF34D0 /* Debug */,
				22F90900235616CC00AF34D0 /* Release */,
			);
			defaultConfigurationIsVisible = 0;
			defaultConfigurationName = Release;
		};
		22FBBB7F235A1E4600A34451 /* Build configuration list for PBXNativeTarget "SOKRATES_WIDGET" */ = {
			isa = XCConfigurationList;
			buildConfigurations = (
				22FBBB7D235A1E4600A34451 /* Debug */,
				22FBBB7E235A1E4600A34451 /* Release */,
			);
			defaultConfigurationIsVisible = 0;
			defaultConfigurationName = Release;
		};
/* End XCConfigurationList section */
	};
	rootObject = 22F908E2235616CB00AF34D0 /* Project object */;
}
